lockfileVersion: '9.0'

settings:
  autoInstallPeers: true
  excludeLinksFromLockfile: false

importers:

  .:
    dependencies:
      bar:
        specifier: file:local-packages/bar
        version: file:local-packages/bar
      baz:
        specifier: file:local-packages/baz
        version: file:local-packages/baz
      foo:
        specifier: file:local-packages/foo
        version: file:local-packages/foo
    devDependencies:
      '@dev/bar':
        specifier: file:local-packages/@dev/bar
        version: file:local-packages/@dev/bar
      '@dev/baz':
        specifier: file:local-packages/@dev/baz
        version: file:local-packages/@dev/baz
      '@dev/foo':
        specifier: file:local-packages/@dev/foo
        version: file:local-packages/@dev/foo

packages:

  '@dev/bar@file:local-packages/@dev/bar':
    resolution: {directory: local-packages/@dev/bar, type: directory}

  '@dev/baz@file:local-packages/@dev/baz':
    resolution: {directory: local-packages/@dev/baz, type: directory}

  '@dev/foo@file:local-packages/@dev/foo':
    resolution: {directory: local-packages/@dev/foo, type: directory}

  bar@file:local-packages/bar:
    resolution: {directory: local-packages/bar, type: directory}

  baz@file:local-packages/baz:
    resolution: {directory: local-packages/baz, type: directory}

  foo@file:local-packages/foo:
    resolution: {directory: local-packages/foo, type: directory}

snapshots:

  '@dev/bar@file:local-packages/@dev/bar': {}

  '@dev/baz@file:local-packages/@dev/baz': {}

  '@dev/foo@file:local-packages/@dev/foo': {}

  bar@file:local-packages/bar: {}

  baz@file:local-packages/baz: {}

  foo@file:local-packages/foo: {}
